
Microsoft Visual Studio Solution File, Format Version 12.00
# Visual Studio Version 16
VisualStudioVersion = 16.0.32510.428
MinimumVisualStudioVersion = 10.0.40219.1
Project("{FAE04EC0-301F-11D3-BF4B-00C04F79EFBC}") = "ApiDePrueba", "ApiDePrueba\ApiDePrueba.csproj", "{7231F4D8-E728-4CE0-8666-A3ED7D283816}"
EndProject
Project("{FAE04EC0-301F-11D3-BF4B-00C04F79EFBC}") = "Domain", "Domain\Domain.csproj", "{32902749-78C8-4A23-8A13-38D8A1F75804}"
EndProject
Project("{FAE04EC0-301F-11D3-BF4B-00C04F79EFBC}") = "Paneles", "Paneles\Paneles.csproj", "{D8CB0CF1-D3E3-4980-9C7C-F0DB86DB76FE}"
EndProject
Global
	GlobalSection(SolutionConfigurationPlatforms) = preSolution
		Debug|Any CPU = Debug|Any CPU
		Release|Any CPU = Release|Any CPU
	EndGlobalSection
	GlobalSection(ProjectConfigurationPlatforms) = postSolution
		{7231F4D8-E728-4CE0-8666-A3ED7D283816}.Debug|Any CPU.ActiveCfg = Debug|Any CPU
		{7231F4D8-E728-4CE0-8666-A3ED7D283816}.Debug|Any CPU.Build.0 = Debug|Any CPU
		{7231F4D8-E728-4CE0-8666-A3ED7D283816}.Release|Any CPU.ActiveCfg = Release|Any CPU
		{7231F4D8-E728-4CE0-8666-A3ED7D283816}.Release|Any CPU.Build.0 = Release|Any CPU
		{32902749-78C8-4A23-8A13-38D8A1F75804}.Debug|Any CPU.ActiveCfg = Debug|Any CPU
		{32902749-78C8-4A23-8A13-38D8A1F75804}.Debug|Any CPU.Build.0 = Debug|Any CPU
		{32902749-78C8-4A23-8A13-38D8A1F75804}.Release|Any CPU.ActiveCfg = Release|Any CPU
		{32902749-78C8-4A23-8A13-38D8A1F75804}.Release|Any CPU.Build.0 = Release|Any CPU
		{D8CB0CF1-D3E3-4980-9C7C-F0DB86DB76FE}.Debug|Any CPU.ActiveCfg = Debug|Any CPU
		{D8CB0CF1-D3E3-4980-9C7C-F0DB86DB76FE}.Debug|Any CPU.Build.0 = Debug|Any CPU
		{D8CB0CF1-D3E3-4980-9C7C-F0DB86DB76FE}.Release|Any CPU.ActiveCfg = Release|Any CPU
		{D8CB0CF1-D3E3-4980-9C7C-F0DB86DB76FE}.Release|Any CPU.Build.0 = Release|Any CPU
	EndGlobalSection
	GlobalSection(SolutionProperties) = preSolution
		HideSolutionNode = FALSE
	EndGlobalSection
	GlobalSection(ExtensibilityGlobals) = postSolution
		SolutionGuid = {8ACCCB3D-98FA-4CA2-9DE0-78237936CADE}
	EndGlobalSection
EndGlobal
